// !$*UTF8*$!
{
	archiveVersion = 1;
	classes = {
	};
	objectVersion = 46;
	objects = {

/* Begin PBXBuildFile section */
		47FFA020AE6A3E333A868DAE /* Pods_BackgroundTrackerUITests.framework in Frameworks */ = {isa = PBXBuildFile; fileRef = 1623B5781283B4181E3C8210 /* Pods_BackgroundTrackerUITests.framework */; };
		5E8BA4F6D1D500F88BD0A5ED /* Pods_BackgroundTracker.framework in Frameworks */ = {isa = PBXBuildFile; fileRef = C0BD51E3DC721196423D21DE /* Pods_BackgroundTracker.framework */; };
		6704D9371FDEE2C200211593 /* Trckr.framework in Frameworks */ = {isa = PBXBuildFile; fileRef = 6704D9361FDEE2C200211593 /* Trckr.framework */; };
		6704D9391FDEE2C900211593 /* Trckr.framework in Embed Frameworks */ = {isa = PBXBuildFile; fileRef = 6704D9361FDEE2C200211593 /* Trckr.framework */; settings = {ATTRIBUTES = (CodeSignOnCopy, RemoveHeadersOnCopy, ); }; };
		6749C8DA1FCC4787003D606D /* BeaconViewController.swift in Sources */ = {isa = PBXBuildFile; fileRef = 6749C8D91FCC4787003D606D /* BeaconViewController.swift */; };
		67CB4DD91F95FF7D006A9267 /* UserNotifications.framework in Frameworks */ = {isa = PBXBuildFile; fileRef = 67CB4DD81F95FF7D006A9267 /* UserNotifications.framework */; };
		9635AB421F975EA800803511 /* UIDevice+type.swift in Sources */ = {isa = PBXBuildFile; fileRef = 9635AB411F975EA800803511 /* UIDevice+type.swift */; };
		967E4B811F96255600EC6490 /* GoogleService-Info.plist in Resources */ = {isa = PBXBuildFile; fileRef = 967E4B801F961A4300EC6490 /* GoogleService-Info.plist */; };
		96BB1F501EB9C5940083630D /* AppDelegate.swift in Sources */ = {isa = PBXBuildFile; fileRef = 96BB1F4F1EB9C5940083630D /* AppDelegate.swift */; };
		96BB1F521EB9C5940083630D /* ViewController.swift in Sources */ = {isa = PBXBuildFile; fileRef = 96BB1F511EB9C5940083630D /* ViewController.swift */; };
		96BB1F551EB9C5940083630D /* Main.storyboard in Resources */ = {isa = PBXBuildFile; fileRef = 96BB1F531EB9C5940083630D /* Main.storyboard */; };
		96BB1F571EB9C5940083630D /* Assets.xcassets in Resources */ = {isa = PBXBuildFile; fileRef = 96BB1F561EB9C5940083630D /* Assets.xcassets */; };
		96BB1F5A1EB9C5940083630D /* LaunchScreen.storyboard in Resources */ = {isa = PBXBuildFile; fileRef = 96BB1F581EB9C5940083630D /* LaunchScreen.storyboard */; };
		96BB1F651EB9C5940083630D /* BackgroundTrackerTests.swift in Sources */ = {isa = PBXBuildFile; fileRef = 96BB1F641EB9C5940083630D /* BackgroundTrackerTests.swift */; };
		96BB1F701EB9C5940083630D /* BackgroundTrackerUITests.swift in Sources */ = {isa = PBXBuildFile; fileRef = 96BB1F6F1EB9C5940083630D /* BackgroundTrackerUITests.swift */; };
		96BB1F831EB9C7340083630D /* Logger.swift in Sources */ = {isa = PBXBuildFile; fileRef = 96BB1F811EB9C7340083630D /* Logger.swift */; };
		96BB1F841EB9C7340083630D /* Timberjack.swift in Sources */ = {isa = PBXBuildFile; fileRef = 96BB1F821EB9C7340083630D /* Timberjack.swift */; };
		96BB1F871EB9C7670083630D /* CoordinateBounds.swift in Sources */ = {isa = PBXBuildFile; fileRef = 96BB1F861EB9C7670083630D /* CoordinateBounds.swift */; };
		96BB1F891EB9D5980083630D /* TextViewDestination.swift in Sources */ = {isa = PBXBuildFile; fileRef = 96BB1F881EB9D5980083630D /* TextViewDestination.swift */; };
		96C076E91FB0ABE10070B455 /* NotificationsUtility.swift in Sources */ = {isa = PBXBuildFile; fileRef = 96C076E81FB0ABE10070B455 /* NotificationsUtility.swift */; };
		C44CB64E1D0467758D31DEA3 /* Pods_BackgroundTrackerTests.framework in Frameworks */ = {isa = PBXBuildFile; fileRef = 384725B8427847EDF219173B /* Pods_BackgroundTrackerTests.framework */; };
/* End PBXBuildFile section */

/* Begin PBXContainerItemProxy section */
		96BB1F611EB9C5940083630D /* PBXContainerItemProxy */ = {
			isa = PBXContainerItemProxy;
			containerPortal = 96BB1F441EB9C5940083630D /* Project object */;
			proxyType = 1;
			remoteGlobalIDString = 96BB1F4B1EB9C5940083630D;
			remoteInfo = BackgroundTracker;
		};
		96BB1F6C1EB9C5940083630D /* PBXContainerItemProxy */ = {
			isa = PBXContainerItemProxy;
			containerPortal = 96BB1F441EB9C5940083630D /* Project object */;
			proxyType = 1;
			remoteGlobalIDString = 96BB1F4B1EB9C5940083630D;
			remoteInfo = BackgroundTracker;
		};
/* End PBXContainerItemProxy section */

/* Begin PBXCopyFilesBuildPhase section */
		E95B0B721FB758ED002B74BD /* Embed Frameworks */ = {
			isa = PBXCopyFilesBuildPhase;
			buildActionMask = 2147483647;
			dstPath = "";
			dstSubfolderSpec = 10;
			files = (
				6704D9391FDEE2C900211593 /* Trckr.framework in Embed Frameworks */,
			);
			name = "Embed Frameworks";
			runOnlyForDeploymentPostprocessing = 0;
		};
/* End PBXCopyFilesBuildPhase section */

/* Begin PBXFileReference section */
		13DFA22AC0A06B48371BBC11 /* Pods-BackgroundTrackerTests.release.xcconfig */ = {isa = PBXFileReference; includeInIndex = 1; lastKnownFileType = text.xcconfig; name = "Pods-BackgroundTrackerTests.release.xcconfig"; path = "Pods/Target Support Files/Pods-BackgroundTrackerTests/Pods-BackgroundTrackerTests.release.xcconfig"; sourceTree = "<group>"; };
		1623B5781283B4181E3C8210 /* Pods_BackgroundTrackerUITests.framework */ = {isa = PBXFileReference; explicitFileType = wrapper.framework; includeInIndex = 0; path = Pods_BackgroundTrackerUITests.framework; sourceTree = BUILT_PRODUCTS_DIR; };
		2DB293657375849ED4870A90 /* Pods-BackgroundTracker.debug.xcconfig */ = {isa = PBXFileReference; includeInIndex = 1; lastKnownFileType = text.xcconfig; name = "Pods-BackgroundTracker.debug.xcconfig"; path = "Pods/Target Support Files/Pods-BackgroundTracker/Pods-BackgroundTracker.debug.xcconfig"; sourceTree = "<group>"; };
		384725B8427847EDF219173B /* Pods_BackgroundTrackerTests.framework */ = {isa = PBXFileReference; explicitFileType = wrapper.framework; includeInIndex = 0; path = Pods_BackgroundTrackerTests.framework; sourceTree = BUILT_PRODUCTS_DIR; };
		6704D9361FDEE2C200211593 /* Trckr.framework */ = {isa = PBXFileReference; lastKnownFileType = wrapper.framework; path = Trckr.framework; sourceTree = "<group>"; };
		6749C8D91FCC4787003D606D /* BeaconViewController.swift */ = {isa = PBXFileReference; lastKnownFileType = sourcecode.swift; path = BeaconViewController.swift; sourceTree = "<group>"; };
		67CB4DD81F95FF7D006A9267 /* UserNotifications.framework */ = {isa = PBXFileReference; lastKnownFileType = wrapper.framework; name = UserNotifications.framework; path = System/Library/Frameworks/UserNotifications.framework; sourceTree = SDKROOT; };
		7301782D9D70569B1D11A562 /* Pods-BackgroundTrackerUITests.release.xcconfig */ = {isa = PBXFileReference; includeInIndex = 1; lastKnownFileType = text.xcconfig; name = "Pods-BackgroundTrackerUITests.release.xcconfig"; path = "Pods/Target Support Files/Pods-BackgroundTrackerUITests/Pods-BackgroundTrackerUITests.release.xcconfig"; sourceTree = "<group>"; };
		9635AB411F975EA800803511 /* UIDevice+type.swift */ = {isa = PBXFileReference; lastKnownFileType = sourcecode.swift; path = "UIDevice+type.swift"; sourceTree = "<group>"; };
		967E4B801F961A4300EC6490 /* GoogleService-Info.plist */ = {isa = PBXFileReference; lastKnownFileType = text.plist.xml; path = "GoogleService-Info.plist"; sourceTree = "<group>"; };
		96BB1F4C1EB9C5940083630D /* TrckrApp.app */ = {isa = PBXFileReference; explicitFileType = wrapper.application; includeInIndex = 0; path = TrckrApp.app; sourceTree = BUILT_PRODUCTS_DIR; };
		96BB1F4F1EB9C5940083630D /* AppDelegate.swift */ = {isa = PBXFileReference; lastKnownFileType = sourcecode.swift; path = AppDelegate.swift; sourceTree = "<group>"; };
		96BB1F511EB9C5940083630D /* ViewController.swift */ = {isa = PBXFileReference; lastKnownFileType = sourcecode.swift; path = ViewController.swift; sourceTree = "<group>"; };
		96BB1F541EB9C5940083630D /* Base */ = {isa = PBXFileReference; lastKnownFileType = file.storyboard; name = Base; path = Base.lproj/Main.storyboard; sourceTree = "<group>"; };
		96BB1F561EB9C5940083630D /* Assets.xcassets */ = {isa = PBXFileReference; lastKnownFileType = folder.assetcatalog; path = Assets.xcassets; sourceTree = "<group>"; };
		96BB1F591EB9C5940083630D /* Base */ = {isa = PBXFileReference; lastKnownFileType = file.storyboard; name = Base; path = Base.lproj/LaunchScreen.storyboard; sourceTree = "<group>"; };
		96BB1F5B1EB9C5940083630D /* Info.plist */ = {isa = PBXFileReference; lastKnownFileType = text.plist.xml; path = Info.plist; sourceTree = "<group>"; };
		96BB1F601EB9C5940083630D /* BackgroundTrackerTests.xctest */ = {isa = PBXFileReference; explicitFileType = wrapper.cfbundle; includeInIndex = 0; path = BackgroundTrackerTests.xctest; sourceTree = BUILT_PRODUCTS_DIR; };
		96BB1F641EB9C5940083630D /* BackgroundTrackerTests.swift */ = {isa = PBXFileReference; lastKnownFileType = sourcecode.swift; path = BackgroundTrackerTests.swift; sourceTree = "<group>"; };
		96BB1F661EB9C5940083630D /* Info.plist */ = {isa = PBXFileReference; lastKnownFileType = text.plist.xml; path = Info.plist; sourceTree = "<group>"; };
		96BB1F6B1EB9C5940083630D /* BackgroundTrackerUITests.xctest */ = {isa = PBXFileReference; explicitFileType = wrapper.cfbundle; includeInIndex = 0; path = BackgroundTrackerUITests.xctest; sourceTree = BUILT_PRODUCTS_DIR; };
		96BB1F6F1EB9C5940083630D /* BackgroundTrackerUITests.swift */ = {isa = PBXFileReference; lastKnownFileType = sourcecode.swift; path = BackgroundTrackerUITests.swift; sourceTree = "<group>"; };
		96BB1F711EB9C5940083630D /* Info.plist */ = {isa = PBXFileReference; lastKnownFileType = text.plist.xml; path = Info.plist; sourceTree = "<group>"; };
		96BB1F811EB9C7340083630D /* Logger.swift */ = {isa = PBXFileReference; fileEncoding = 4; lastKnownFileType = sourcecode.swift; name = Logger.swift; path = Logging/Logger.swift; sourceTree = "<group>"; };
		96BB1F821EB9C7340083630D /* Timberjack.swift */ = {isa = PBXFileReference; fileEncoding = 4; lastKnownFileType = sourcecode.swift; name = Timberjack.swift; path = Logging/Timberjack.swift; sourceTree = "<group>"; };
		96BB1F861EB9C7670083630D /* CoordinateBounds.swift */ = {isa = PBXFileReference; fileEncoding = 4; lastKnownFileType = sourcecode.swift; path = CoordinateBounds.swift; sourceTree = "<group>"; };
		96BB1F881EB9D5980083630D /* TextViewDestination.swift */ = {isa = PBXFileReference; fileEncoding = 4; lastKnownFileType = sourcecode.swift; name = TextViewDestination.swift; path = Logging/TextViewDestination.swift; sourceTree = "<group>"; };
		96C076E81FB0ABE10070B455 /* NotificationsUtility.swift */ = {isa = PBXFileReference; fileEncoding = 4; lastKnownFileType = sourcecode.swift; path = NotificationsUtility.swift; sourceTree = "<group>"; };
		ACE789308A1E5B6705FB7C4C /* Pods-BackgroundTrackerUITests.debug.xcconfig */ = {isa = PBXFileReference; includeInIndex = 1; lastKnownFileType = text.xcconfig; name = "Pods-BackgroundTrackerUITests.debug.xcconfig"; path = "Pods/Target Support Files/Pods-BackgroundTrackerUITests/Pods-BackgroundTrackerUITests.debug.xcconfig"; sourceTree = "<group>"; };
		C0BD51E3DC721196423D21DE /* Pods_BackgroundTracker.framework */ = {isa = PBXFileReference; explicitFileType = wrapper.framework; includeInIndex = 0; path = Pods_BackgroundTracker.framework; sourceTree = BUILT_PRODUCTS_DIR; };
		CE26CF5ECB4A90A49151BD70 /* Pods-BackgroundTracker.release.xcconfig */ = {isa = PBXFileReference; includeInIndex = 1; lastKnownFileType = text.xcconfig; name = "Pods-BackgroundTracker.release.xcconfig"; path = "Pods/Target Support Files/Pods-BackgroundTracker/Pods-BackgroundTracker.release.xcconfig"; sourceTree = "<group>"; };
		D4595A92E9D77F8DB4ED9A22 /* Pods-BackgroundTrackerTests.debug.xcconfig */ = {isa = PBXFileReference; includeInIndex = 1; lastKnownFileType = text.xcconfig; name = "Pods-BackgroundTrackerTests.debug.xcconfig"; path = "Pods/Target Support Files/Pods-BackgroundTrackerTests/Pods-BackgroundTrackerTests.debug.xcconfig"; sourceTree = "<group>"; };
/* End PBXFileReference section */

/* Begin PBXFrameworksBuildPhase section */
		96BB1F491EB9C5940083630D /* Frameworks */ = {
			isa = PBXFrameworksBuildPhase;
			buildActionMask = 2147483647;
			files = (
				67CB4DD91F95FF7D006A9267 /* UserNotifications.framework in Frameworks */,
				5E8BA4F6D1D500F88BD0A5ED /* Pods_BackgroundTracker.framework in Frameworks */,
				6704D9371FDEE2C200211593 /* Trckr.framework in Frameworks */,
			);
			runOnlyForDeploymentPostprocessing = 0;
		};
		96BB1F5D1EB9C5940083630D /* Frameworks */ = {
			isa = PBXFrameworksBuildPhase;
			buildActionMask = 2147483647;
			files = (
				C44CB64E1D0467758D31DEA3 /* Pods_BackgroundTrackerTests.framework in Frameworks */,
			);
			runOnlyForDeploymentPostprocessing = 0;
		};
		96BB1F681EB9C5940083630D /* Frameworks */ = {
			isa = PBXFrameworksBuildPhase;
			buildActionMask = 2147483647;
			files = (
				47FFA020AE6A3E333A868DAE /* Pods_BackgroundTrackerUITests.framework in Frameworks */,
			);
			runOnlyForDeploymentPostprocessing = 0;
		};
/* End PBXFrameworksBuildPhase section */

/* Begin PBXGroup section */
		32A3DD08B1FD2C5005C4AA57 /* Pods */ = {
			isa = PBXGroup;
			children = (
				2DB293657375849ED4870A90 /* Pods-BackgroundTracker.debug.xcconfig */,
				CE26CF5ECB4A90A49151BD70 /* Pods-BackgroundTracker.release.xcconfig */,
				D4595A92E9D77F8DB4ED9A22 /* Pods-BackgroundTrackerTests.debug.xcconfig */,
				13DFA22AC0A06B48371BBC11 /* Pods-BackgroundTrackerTests.release.xcconfig */,
				ACE789308A1E5B6705FB7C4C /* Pods-BackgroundTrackerUITests.debug.xcconfig */,
				7301782D9D70569B1D11A562 /* Pods-BackgroundTrackerUITests.release.xcconfig */,
			);
			name = Pods;
			sourceTree = "<group>";
		};
		42AD9E8BA4ACDDD26AD4074D /* Frameworks */ = {
			isa = PBXGroup;
			children = (
				67CB4DD81F95FF7D006A9267 /* UserNotifications.framework */,
				C0BD51E3DC721196423D21DE /* Pods_BackgroundTracker.framework */,
				384725B8427847EDF219173B /* Pods_BackgroundTrackerTests.framework */,
				1623B5781283B4181E3C8210 /* Pods_BackgroundTrackerUITests.framework */,
			);
			name = Frameworks;
			sourceTree = "<group>";
		};
		96BB1F431EB9C5940083630D = {
			isa = PBXGroup;
			children = (
				96BB1F4E1EB9C5940083630D /* BackgroundTracker */,
				96BB1F631EB9C5940083630D /* BackgroundTrackerTests */,
				96BB1F6E1EB9C5940083630D /* BackgroundTrackerUITests */,
				96BB1F4D1EB9C5940083630D /* Products */,
				32A3DD08B1FD2C5005C4AA57 /* Pods */,
				42AD9E8BA4ACDDD26AD4074D /* Frameworks */,
			);
			sourceTree = "<group>";
		};
		96BB1F4D1EB9C5940083630D /* Products */ = {
			isa = PBXGroup;
			children = (
				96BB1F4C1EB9C5940083630D /* TrckrApp.app */,
				96BB1F601EB9C5940083630D /* BackgroundTrackerTests.xctest */,
				96BB1F6B1EB9C5940083630D /* BackgroundTrackerUITests.xctest */,
			);
			name = Products;
			sourceTree = "<group>";
		};
		96BB1F4E1EB9C5940083630D /* BackgroundTracker */ = {
			isa = PBXGroup;
			children = (
				6704D9361FDEE2C200211593 /* Trckr.framework */,
				96BB1F851EB9C73C0083630D /* Logging */,
				96BB1F4F1EB9C5940083630D /* AppDelegate.swift */,
				96BB1F511EB9C5940083630D /* ViewController.swift */,
				96BB1F531EB9C5940083630D /* Main.storyboard */,
				96BB1F861EB9C7670083630D /* CoordinateBounds.swift */,
				96BB1F561EB9C5940083630D /* Assets.xcassets */,
				96BB1F581EB9C5940083630D /* LaunchScreen.storyboard */,
				96BB1F5B1EB9C5940083630D /* Info.plist */,
				967E4B801F961A4300EC6490 /* GoogleService-Info.plist */,
				96C076E81FB0ABE10070B455 /* NotificationsUtility.swift */,
				6749C8D91FCC4787003D606D /* BeaconViewController.swift */,
			);
			path = BackgroundTracker;
			sourceTree = "<group>";
		};
		96BB1F631EB9C5940083630D /* BackgroundTrackerTests */ = {
			isa = PBXGroup;
			children = (
				96BB1F641EB9C5940083630D /* BackgroundTrackerTests.swift */,
				96BB1F661EB9C5940083630D /* Info.plist */,
			);
			path = BackgroundTrackerTests;
			sourceTree = "<group>";
		};
		96BB1F6E1EB9C5940083630D /* BackgroundTrackerUITests */ = {
			isa = PBXGroup;
			children = (
				96BB1F6F1EB9C5940083630D /* BackgroundTrackerUITests.swift */,
				96BB1F711EB9C5940083630D /* Info.plist */,
			);
			path = BackgroundTrackerUITests;
			sourceTree = "<group>";
		};
		96BB1F851EB9C73C0083630D /* Logging */ = {
			isa = PBXGroup;
			children = (
				96BB1F811EB9C7340083630D /* Logger.swift */,
				96BB1F821EB9C7340083630D /* Timberjack.swift */,
				96BB1F881EB9D5980083630D /* TextViewDestination.swift */,
				9635AB411F975EA800803511 /* UIDevice+type.swift */,
			);
			name = Logging;
			sourceTree = "<group>";
		};
/* End PBXGroup section */

/* Begin PBXNativeTarget section */
		96BB1F4B1EB9C5940083630D /* BackgroundTracker */ = {
			isa = PBXNativeTarget;
			buildConfigurationList = 96BB1F741EB9C5940083630D /* Build configuration list for PBXNativeTarget "BackgroundTracker" */;
			buildPhases = (
				817C2A799A7C02DE95D075AC /* [CP] Check Pods Manifest.lock */,
				96BB1F481EB9C5940083630D /* Sources */,
				96BB1F491EB9C5940083630D /* Frameworks */,
				96BB1F4A1EB9C5940083630D /* Resources */,
				4D39B4B02E857BB8F919EE4D /* [CP] Embed Pods Frameworks */,
				043BD3E587DE2340F6E117FA /* [CP] Copy Pods Resources */,
				962E9E241F94A0EA00CC24E1 /* Fabric */,
				E95B0B721FB758ED002B74BD /* Embed Frameworks */,
			);
			buildRules = (
			);
			dependencies = (
			);
			name = BackgroundTracker;
			productName = BackgroundTracker;
			productReference = 96BB1F4C1EB9C5940083630D /* TrckrApp.app */;
			productType = "com.apple.product-type.application";
		};
		96BB1F5F1EB9C5940083630D /* BackgroundTrackerTests */ = {
			isa = PBXNativeTarget;
			buildConfigurationList = 96BB1F771EB9C5940083630D /* Build configuration list for PBXNativeTarget "BackgroundTrackerTests" */;
			buildPhases = (
				8013EFC94BB07E455BF3F56A /* [CP] Check Pods Manifest.lock */,
				96BB1F5C1EB9C5940083630D /* Sources */,
				96BB1F5D1EB9C5940083630D /* Frameworks */,
				96BB1F5E1EB9C5940083630D /* Resources */,
				3B6F0E3E131CF8D231C15F21 /* [CP] Embed Pods Frameworks */,
				174489792AE93D54B56A99E8 /* [CP] Copy Pods Resources */,
			);
			buildRules = (
			);
			dependencies = (
				96BB1F621EB9C5940083630D /* PBXTargetDependency */,
			);
			name = BackgroundTrackerTests;
			productName = BackgroundTrackerTests;
			productReference = 96BB1F601EB9C5940083630D /* BackgroundTrackerTests.xctest */;
			productType = "com.apple.product-type.bundle.unit-test";
		};
		96BB1F6A1EB9C5940083630D /* BackgroundTrackerUITests */ = {
			isa = PBXNativeTarget;
			buildConfigurationList = 96BB1F7A1EB9C5940083630D /* Build configuration list for PBXNativeTarget "BackgroundTrackerUITests" */;
			buildPhases = (
				3A358DBA64D7BBC4FE16BFA7 /* [CP] Check Pods Manifest.lock */,
				96BB1F671EB9C5940083630D /* Sources */,
				96BB1F681EB9C5940083630D /* Frameworks */,
				96BB1F691EB9C5940083630D /* Resources */,
				00FD84D2D2745E321770E923 /* [CP] Embed Pods Frameworks */,
				7972DA7A06C8B0645CF58450 /* [CP] Copy Pods Resources */,
			);
			buildRules = (
			);
			dependencies = (
				96BB1F6D1EB9C5940083630D /* PBXTargetDependency */,
			);
			name = BackgroundTrackerUITests;
			productName = BackgroundTrackerUITests;
			productReference = 96BB1F6B1EB9C5940083630D /* BackgroundTrackerUITests.xctest */;
			productType = "com.apple.product-type.bundle.ui-testing";
		};
/* End PBXNativeTarget section */

/* Begin PBXProject section */
		96BB1F441EB9C5940083630D /* Project object */ = {
			isa = PBXProject;
			attributes = {
				LastSwiftUpdateCheck = 0830;
				LastUpgradeCheck = 0830;
				ORGANIZATIONNAME = 100grams;
				TargetAttributes = {
					96BB1F4B1EB9C5940083630D = {
						CreatedOnToolsVersion = 8.3.2;
						DevelopmentTeam = 3E8VPPT5YX;
						ProvisioningStyle = Automatic;
						SystemCapabilities = {
							com.apple.BackgroundModes = {
								enabled = 1;
							};
						};
					};
					96BB1F5F1EB9C5940083630D = {
						CreatedOnToolsVersion = 8.3.2;
						DevelopmentTeam = 3E8VPPT5YX;
						ProvisioningStyle = Automatic;
						TestTargetID = 96BB1F4B1EB9C5940083630D;
					};
					96BB1F6A1EB9C5940083630D = {
						CreatedOnToolsVersion = 8.3.2;
						DevelopmentTeam = 3E8VPPT5YX;
						ProvisioningStyle = Automatic;
						TestTargetID = 96BB1F4B1EB9C5940083630D;
					};
				};
			};
			buildConfigurationList = 96BB1F471EB9C5940083630D /* Build configuration list for PBXProject "BackgroundTracker" */;
			compatibilityVersion = "Xcode 3.2";
			developmentRegion = English;
			hasScannedForEncodings = 0;
			knownRegions = (
				en,
				Base,
			);
			mainGroup = 96BB1F431EB9C5940083630D;
			productRefGroup = 96BB1F4D1EB9C5940083630D /* Products */;
			projectDirPath = "";
			projectRoot = "";
			targets = (
				96BB1F4B1EB9C5940083630D /* BackgroundTracker */,
				96BB1F5F1EB9C5940083630D /* BackgroundTrackerTests */,
				96BB1F6A1EB9C5940083630D /* BackgroundTrackerUITests */,
			);
		};
/* End PBXProject section */

/* Begin PBXResourcesBuildPhase section */
		96BB1F4A1EB9C5940083630D /* Resources */ = {
			isa = PBXResourcesBuildPhase;
			buildActionMask = 2147483647;
			files = (
				96BB1F5A1EB9C5940083630D /* LaunchScreen.storyboard in Resources */,
				967E4B811F96255600EC6490 /* GoogleService-Info.plist in Resources */,
				96BB1F571EB9C5940083630D /* Assets.xcassets in Resources */,
				96BB1F551EB9C5940083630D /* Main.storyboard in Resources */,
			);
			runOnlyForDeploymentPostprocessing = 0;
		};
		96BB1F5E1EB9C5940083630D /* Resources */ = {
			isa = PBXResourcesBuildPhase;
			buildActionMask = 2147483647;
			files = (
			);
			runOnlyForDeploymentPostprocessing = 0;
		};
		96BB1F691EB9C5940083630D /* Resources */ = {
			isa = PBXResourcesBuildPhase;
			buildActionMask = 2147483647;
			files = (
			);
			runOnlyForDeploymentPostprocessing = 0;
		};
/* End PBXResourcesBuildPhase section */

/* Begin PBXShellScriptBuildPhase section */
		00FD84D2D2745E321770E923 /* [CP] Embed Pods Frameworks */ = {
			isa = PBXShellScriptBuildPhase;
			buildActionMask = 2147483647;
			files = (
			);
			inputPaths = (
			);
			name = "[CP] Embed Pods Frameworks";
			outputPaths = (
			);
			runOnlyForDeploymentPostprocessing = 0;
			shellPath = /bin/sh;
			shellScript = "\"${SRCROOT}/Pods/Target Support Files/Pods-BackgroundTrackerUITests/Pods-BackgroundTrackerUITests-frameworks.sh\"\n";
			showEnvVarsInLog = 0;
		};
		043BD3E587DE2340F6E117FA /* [CP] Copy Pods Resources */ = {
			isa = PBXShellScriptBuildPhase;
			buildActionMask = 2147483647;
			files = (
			);
			inputPaths = (
			);
			name = "[CP] Copy Pods Resources";
			outputPaths = (
			);
			runOnlyForDeploymentPostprocessing = 0;
			shellPath = /bin/sh;
			shellScript = "\"${SRCROOT}/Pods/Target Support Files/Pods-BackgroundTracker/Pods-BackgroundTracker-resources.sh\"\n";
			showEnvVarsInLog = 0;
		};
		174489792AE93D54B56A99E8 /* [CP] Copy Pods Resources */ = {
			isa = PBXShellScriptBuildPhase;
			buildActionMask = 2147483647;
			files = (
			);
			inputPaths = (
			);
			name = "[CP] Copy Pods Resources";
			outputPaths = (
			);
			runOnlyForDeploymentPostprocessing = 0;
			shellPath = /bin/sh;
			shellScript = "\"${SRCROOT}/Pods/Target Support Files/Pods-BackgroundTrackerTests/Pods-BackgroundTrackerTests-resources.sh\"\n";
			showEnvVarsInLog = 0;
		};
		3A358DBA64D7BBC4FE16BFA7 /* [CP] Check Pods Manifest.lock */ = {
			isa = PBXShellScriptBuildPhase;
			buildActionMask = 2147483647;
			files = (
			);
			inputPaths = (
				"${PODS_PODFILE_DIR_PATH}/Podfile.lock",
				"${PODS_ROOT}/Manifest.lock",
			);
			name = "[CP] Check Pods Manifest.lock";
			outputPaths = (
				"$(DERIVED_FILE_DIR)/Pods-BackgroundTrackerUITests-checkManifestLockResult.txt",
			);
			runOnlyForDeploymentPostprocessing = 0;
			shellPath = /bin/sh;
			shellScript = "diff \"${PODS_PODFILE_DIR_PATH}/Podfile.lock\" \"${PODS_ROOT}/Manifest.lock\" > /dev/null\nif [ $? != 0 ] ; then\n    # print error to STDERR\n    echo \"error: The sandbox is not in sync with the Podfile.lock. Run 'pod install' or update your CocoaPods installation.\" >&2\n    exit 1\nfi\n# This output is used by Xcode 'outputs' to avoid re-running this script phase.\necho \"SUCCESS\" > \"${SCRIPT_OUTPUT_FILE_0}\"\n";
			showEnvVarsInLog = 0;
		};
		3B6F0E3E131CF8D231C15F21 /* [CP] Embed Pods Frameworks */ = {
			isa = PBXShellScriptBuildPhase;
			buildActionMask = 2147483647;
			files = (
			);
			inputPaths = (
			);
			name = "[CP] Embed Pods Frameworks";
			outputPaths = (
			);
			runOnlyForDeploymentPostprocessing = 0;
			shellPath = /bin/sh;
			shellScript = "\"${SRCROOT}/Pods/Target Support Files/Pods-BackgroundTrackerTests/Pods-BackgroundTrackerTests-frameworks.sh\"\n";
			showEnvVarsInLog = 0;
		};
		4D39B4B02E857BB8F919EE4D /* [CP] Embed Pods Frameworks */ = {
			isa = PBXShellScriptBuildPhase;
			buildActionMask = 2147483647;
			files = (
			);
			inputPaths = (
				"${SRCROOT}/Pods/Target Support Files/Pods-BackgroundTracker/Pods-BackgroundTracker-frameworks.sh",
				"${BUILT_PRODUCTS_DIR}/GTMSessionFetcher/GTMSessionFetcher.framework",
				"${BUILT_PRODUCTS_DIR}/GoogleToolboxForMac/GoogleToolboxForMac.framework",
				"${BUILT_PRODUCTS_DIR}/ObjcExceptionBridging/ObjcExceptionBridging.framework",
				"${BUILT_PRODUCTS_DIR}/SSZipArchive/SSZipArchive.framework",
				"${BUILT_PRODUCTS_DIR}/XCGLogger/XCGLogger.framework",
				"${BUILT_PRODUCTS_DIR}/nanopb/nanopb.framework",
			);
			name = "[CP] Embed Pods Frameworks";
			outputPaths = (
				"${TARGET_BUILD_DIR}/${FRAMEWORKS_FOLDER_PATH}/GTMSessionFetcher.framework",
				"${TARGET_BUILD_DIR}/${FRAMEWORKS_FOLDER_PATH}/GoogleToolboxForMac.framework",
				"${TARGET_BUILD_DIR}/${FRAMEWORKS_FOLDER_PATH}/ObjcExceptionBridging.framework",
				"${TARGET_BUILD_DIR}/${FRAMEWORKS_FOLDER_PATH}/SSZipArchive.framework",
				"${TARGET_BUILD_DIR}/${FRAMEWORKS_FOLDER_PATH}/XCGLogger.framework",
				"${TARGET_BUILD_DIR}/${FRAMEWORKS_FOLDER_PATH}/nanopb.framework",
			);
			runOnlyForDeploymentPostprocessing = 0;
			shellPath = /bin/sh;
			shellScript = "\"${SRCROOT}/Pods/Target Support Files/Pods-BackgroundTracker/Pods-BackgroundTracker-frameworks.sh\"\n";
			showEnvVarsInLog = 0;
		};
		7972DA7A06C8B0645CF58450 /* [CP] Copy Pods Resources */ = {
			isa = PBXShellScriptBuildPhase;
			buildActionMask = 2147483647;
			files = (
			);
			inputPaths = (
			);
			name = "[CP] Copy Pods Resources";
			outputPaths = (
			);
			runOnlyForDeploymentPostprocessing = 0;
			shellPath = /bin/sh;
			shellScript = "\"${SRCROOT}/Pods/Target Support Files/Pods-BackgroundTrackerUITests/Pods-BackgroundTrackerUITests-resources.sh\"\n";
			showEnvVarsInLog = 0;
		};
		8013EFC94BB07E455BF3F56A /* [CP] Check Pods Manifest.lock */ = {
			isa = PBXShellScriptBuildPhase;
			buildActionMask = 2147483647;
			files = (
			);
			inputPaths = (
				"${PODS_PODFILE_DIR_PATH}/Podfile.lock",
				"${PODS_ROOT}/Manifest.lock",
			);
			name = "[CP] Check Pods Manifest.lock";
			outputPaths = (
				"$(DERIVED_FILE_DIR)/Pods-BackgroundTrackerTests-checkManifestLockResult.txt",
			);
			runOnlyForDeploymentPostprocessing = 0;
			shellPath = /bin/sh;
			shellScript = "diff \"${PODS_PODFILE_DIR_PATH}/Podfile.lock\" \"${PODS_ROOT}/Manifest.lock\" > /dev/null\nif [ $? != 0 ] ; then\n    # print error to STDERR\n    echo \"error: The sandbox is not in sync with the Podfile.lock. Run 'pod install' or update your CocoaPods installation.\" >&2\n    exit 1\nfi\n# This output is used by Xcode 'outputs' to avoid re-running this script phase.\necho \"SUCCESS\" > \"${SCRIPT_OUTPUT_FILE_0}\"\n";
			showEnvVarsInLog = 0;
		};
		817C2A799A7C02DE95D075AC /* [CP] Check Pods Manifest.lock */ = {
			isa = PBXShellScriptBuildPhase;
			buildActionMask = 2147483647;
			files = (
			);
			inputPaths = (
				"${PODS_PODFILE_DIR_PATH}/Podfile.lock",
				"${PODS_ROOT}/Manifest.lock",
			);
			name = "[CP] Check Pods Manifest.lock";
			outputPaths = (
				"$(DERIVED_FILE_DIR)/Pods-BackgroundTracker-checkManifestLockResult.txt",
			);
			runOnlyForDeploymentPostprocessing = 0;
			shellPath = /bin/sh;
			shellScript = "diff \"${PODS_PODFILE_DIR_PATH}/Podfile.lock\" \"${PODS_ROOT}/Manifest.lock\" > /dev/null\nif [ $? != 0 ] ; then\n    # print error to STDERR\n    echo \"error: The sandbox is not in sync with the Podfile.lock. Run 'pod install' or update your CocoaPods installation.\" >&2\n    exit 1\nfi\n# This output is used by Xcode 'outputs' to avoid re-running this script phase.\necho \"SUCCESS\" > \"${SCRIPT_OUTPUT_FILE_0}\"\n";
			showEnvVarsInLog = 0;
		};
		962E9E241F94A0EA00CC24E1 /* Fabric */ = {
			isa = PBXShellScriptBuildPhase;
			buildActionMask = 2147483647;
			files = (
			);
			inputPaths = (
			);
			name = Fabric;
			outputPaths = (
			);
			runOnlyForDeploymentPostprocessing = 0;
			shellPath = /bin/sh;
			shellScript = "\"${PODS_ROOT}/Fabric/run\" c13e89c059c32c08041932f2d48b4e5bf1054b4a 32192c52c17506c06fff2a614e91332ceed330f0fc9a87decf917b5b85ddb561";
		};
/* End PBXShellScriptBuildPhase section */

/* Begin PBXSourcesBuildPhase section */
		96BB1F481EB9C5940083630D /* Sources */ = {
			isa = PBXSourcesBuildPhase;
			buildActionMask = 2147483647;
			files = (
				96BB1F891EB9D5980083630D /* TextViewDestination.swift in Sources */,
				96BB1F521EB9C5940083630D /* ViewController.swift in Sources */,
				96BB1F501EB9C5940083630D /* AppDelegate.swift in Sources */,
				96C076E91FB0ABE10070B455 /* NotificationsUtility.swift in Sources */,
				6749C8DA1FCC4787003D606D /* BeaconViewController.swift in Sources */,
				96BB1F831EB9C7340083630D /* Logger.swift in Sources */,
				96BB1F871EB9C7670083630D /* CoordinateBounds.swift in Sources */,
				9635AB421F975EA800803511 /* UIDevice+type.swift in Sources */,
				96BB1F841EB9C7340083630D /* Timberjack.swift in Sources */,
			);
			runOnlyForDeploymentPostprocessing = 0;
		};
		96BB1F5C1EB9C5940083630D /* Sources */ = {
			isa = PBXSourcesBuildPhase;
			buildActionMask = 2147483647;
			files = (
				96BB1F651EB9C5940083630D /* BackgroundTrackerTests.swift in Sources */,
			);
			runOnlyForDeploymentPostprocessing = 0;
		};
		96BB1F671EB9C5940083630D /* Sources */ = {
			isa = PBXSourcesBuildPhase;
			buildActionMask = 2147483647;
			files = (
				96BB1F701EB9C5940083630D /* BackgroundTrackerUITests.swift in Sources */,
			);
			runOnlyForDeploymentPostprocessing = 0;
		};
/* End PBXSourcesBuildPhase section */

/* Begin PBXTargetDependency section */
		96BB1F621EB9C5940083630D /* PBXTargetDependency */ = {
			isa = PBXTargetDependency;
			target = 96BB1F4B1EB9C5940083630D /* BackgroundTracker */;
			targetProxy = 96BB1F611EB9C5940083630D /* PBXContainerItemProxy */;
		};
		96BB1F6D1EB9C5940083630D /* PBXTargetDependency */ = {
			isa = PBXTargetDependency;
			target = 96BB1F4B1EB9C5940083630D /* BackgroundTracker */;
			targetProxy = 96BB1F6C1EB9C5940083630D /* PBXContainerItemProxy */;
		};
/* End PBXTargetDependency section */

/* Begin PBXVariantGroup section */
		96BB1F531EB9C5940083630D /* Main.storyboard */ = {
			isa = PBXVariantGroup;
			children = (
				96BB1F541EB9C5940083630D /* Base */,
			);
			name = Main.storyboard;
			sourceTree = "<group>";
		};
		96BB1F581EB9C5940083630D /* LaunchScreen.storyboard */ = {
			isa = PBXVariantGroup;
			children = (
				96BB1F591EB9C5940083630D /* Base */,
			);
			name = LaunchScreen.storyboard;
			sourceTree = "<group>";
		};
/* End PBXVariantGroup section */

/* Begin XCBuildConfiguration section */
		96BB1F721EB9C5940083630D /* Debug */ = {
			isa = XCBuildConfiguration;
			buildSettings = {
				ALWAYS_SEARCH_USER_PATHS = NO;
				CLANG_ANALYZER_NONNULL = YES;
				CLANG_ANALYZER_NUMBER_OBJECT_CONVERSION = YES_AGGRESSIVE;
				CLANG_CXX_LANGUAGE_STANDARD = "gnu++0x";
				CLANG_CXX_LIBRARY = "libc++";
				CLANG_ENABLE_MODULES = YES;
				CLANG_ENABLE_OBJC_ARC = YES;
				CLANG_WARN_BOOL_CONVERSION = YES;
				CLANG_WARN_CONSTANT_CONVERSION = YES;
				CLANG_WARN_DIRECT_OBJC_ISA_USAGE = YES_ERROR;
				CLANG_WARN_DOCUMENTATION_COMMENTS = YES;
				CLANG_WARN_EMPTY_BODY = YES;
				CLANG_WARN_ENUM_CONVERSION = YES;
				CLANG_WARN_INFINITE_RECURSION = YES;
				CLANG_WARN_INT_CONVERSION = YES;
				CLANG_WARN_OBJC_ROOT_CLASS = YES_ERROR;
				CLANG_WARN_SUSPICIOUS_MOVE = YES;
				CLANG_WARN_UNREACHABLE_CODE = YES;
				CLANG_WARN__DUPLICATE_METHOD_MATCH = YES;
				"CODE_SIGN_IDENTITY[sdk=iphoneos*]" = "iPhone Developer";
				COPY_PHASE_STRIP = NO;
				DEBUG_INFORMATION_FORMAT = dwarf;
				ENABLE_STRICT_OBJC_MSGSEND = YES;
				ENABLE_TESTABILITY = YES;
				GCC_C_LANGUAGE_STANDARD = gnu99;
				GCC_DYNAMIC_NO_PIC = NO;
				GCC_NO_COMMON_BLOCKS = YES;
				GCC_OPTIMIZATION_LEVEL = 0;
				GCC_PREPROCESSOR_DEFINITIONS = (
					"DEBUG=1",
					"$(inherited)",
				);
				GCC_WARN_64_TO_32_BIT_CONVERSION = YES;
				GCC_WARN_ABOUT_RETURN_TYPE = YES_ERROR;
				GCC_WARN_UNDECLARED_SELECTOR = YES;
				GCC_WARN_UNINITIALIZED_AUTOS = YES_AGGRESSIVE;
				GCC_WARN_UNUSED_FUNCTION = YES;
				GCC_WARN_UNUSED_VARIABLE = YES;
				IPHONEOS_DEPLOYMENT_TARGET = 10.3;
				MTL_ENABLE_DEBUG_INFO = YES;
				ONLY_ACTIVE_ARCH = YES;
				SDKROOT = iphoneos;
				SWIFT_ACTIVE_COMPILATION_CONDITIONS = DEBUG;
				SWIFT_OPTIMIZATION_LEVEL = "-Onone";
			};
			name = Debug;
		};
		96BB1F731EB9C5940083630D /* Release */ = {
			isa = XCBuildConfiguration;
			buildSettings = {
				ALWAYS_SEARCH_USER_PATHS = NO;
				CLANG_ANALYZER_NONNULL = YES;
				CLANG_ANALYZER_NUMBER_OBJECT_CONVERSION = YES_AGGRESSIVE;
				CLANG_CXX_LANGUAGE_STANDARD = "gnu++0x";
				CLANG_CXX_LIBRARY = "libc++";
				CLANG_ENABLE_MODULES = YES;
				CLANG_ENABLE_OBJC_ARC = YES;
				CLANG_WARN_BOOL_CONVERSION = YES;
				CLANG_WARN_CONSTANT_CONVERSION = YES;
				CLANG_WARN_DIRECT_OBJC_ISA_USAGE = YES_ERROR;
				CLANG_WARN_DOCUMENTATION_COMMENTS = YES;
				CLANG_WARN_EMPTY_BODY = YES;
				CLANG_WARN_ENUM_CONVERSION = YES;
				CLANG_WARN_INFINITE_RECURSION = YES;
				CLANG_WARN_INT_CONVERSION = YES;
				CLANG_WARN_OBJC_ROOT_CLASS = YES_ERROR;
				CLANG_WARN_SUSPICIOUS_MOVE = YES;
				CLANG_WARN_UNREACHABLE_CODE = YES;
				CLANG_WARN__DUPLICATE_METHOD_MATCH = YES;
				"CODE_SIGN_IDENTITY[sdk=iphoneos*]" = "iPhone Developer";
				COPY_PHASE_STRIP = NO;
				DEBUG_INFORMATION_FORMAT = "dwarf-with-dsym";
				ENABLE_NS_ASSERTIONS = NO;
				ENABLE_STRICT_OBJC_MSGSEND = YES;
				GCC_C_LANGUAGE_STANDARD = gnu99;
				GCC_NO_COMMON_BLOCKS = YES;
				GCC_WARN_64_TO_32_BIT_CONVERSION = YES;
				GCC_WARN_ABOUT_RETURN_TYPE = YES_ERROR;
				GCC_WARN_UNDECLARED_SELECTOR = YES;
				GCC_WARN_UNINITIALIZED_AUTOS = YES_AGGRESSIVE;
				GCC_WARN_UNUSED_FUNCTION = YES;
				GCC_WARN_UNUSED_VARIABLE = YES;
				IPHONEOS_DEPLOYMENT_TARGET = 10.3;
				MTL_ENABLE_DEBUG_INFO = NO;
				SDKROOT = iphoneos;
				SWIFT_OPTIMIZATION_LEVEL = "-Owholemodule";
				VALIDATE_PRODUCT = YES;
			};
			name = Release;
		};
		96BB1F751EB9C5940083630D /* Debug */ = {
			isa = XCBuildConfiguration;
			baseConfigurationReference = 2DB293657375849ED4870A90 /* Pods-BackgroundTracker.debug.xcconfig */;
			buildSettings = {
				ASSETCATALOG_COMPILER_APPICON_NAME = AppIcon;
				"CODE_SIGN_IDENTITY[sdk=iphoneos*]" = "iPhone Developer";
				CODE_SIGN_STYLE = Automatic;
				DEVELOPMENT_TEAM = 3E8VPPT5YX;
				ENABLE_BITCODE = NO;
				FRAMEWORK_SEARCH_PATHS = (
					"$(inherited)",
					"\"$PODS_CONFIGURATION_BUILD_DIR/GTMSessionFetcher\"",
					"\"$PODS_CONFIGURATION_BUILD_DIR/GoogleToolboxForMac\"",
					"\"$PODS_CONFIGURATION_BUILD_DIR/ObjcExceptionBridging\"",
					"\"$PODS_CONFIGURATION_BUILD_DIR/SSZipArchive\"",
					"\"$PODS_CONFIGURATION_BUILD_DIR/XCGLogger\"",
					"\"$PODS_CONFIGURATION_BUILD_DIR/nanopb\"",
					"\"${PODS_ROOT}/Crashlytics/iOS\"",
					"\"${PODS_ROOT}/Fabric/iOS\"",
					"\"${PODS_ROOT}/FirebaseAnalytics/Frameworks\"",
					"\"${PODS_ROOT}/FirebaseCore/Frameworks\"",
					"\"${PODS_ROOT}/FirebaseInstanceID/Frameworks\"",
					"\"${PODS_ROOT}/FirebaseStorage/Frameworks\"",
					/tmp,
					"$(PROJECT_DIR)/BackgroundTracker",
					"$(PROJECT_DIR)",
				);
				INFOPLIST_FILE = BackgroundTracker/Info.plist;
				IPHONEOS_DEPLOYMENT_TARGET = 10.0;
				LD_RUNPATH_SEARCH_PATHS = "$(inherited) @executable_path/Frameworks";
				PRODUCT_BUNDLE_IDENTIFIER = io.100grams.tracker;
				PRODUCT_NAME = TrckrApp;
				PROVISIONING_PROFILE = "";
				PROVISIONING_PROFILE_SPECIFIER = "";
				SWIFT_VERSION = 4.0;
			};
			name = Debug;
		};
		96BB1F761EB9C5940083630D /* Release */ = {
			isa = XCBuildConfiguration;
			baseConfigurationReference = CE26CF5ECB4A90A49151BD70 /* Pods-BackgroundTracker.release.xcconfig */;
			buildSettings = {
				ASSETCATALOG_COMPILER_APPICON_NAME = AppIcon;
				"CODE_SIGN_IDENTITY[sdk=iphoneos*]" = "iPhone Developer";
				CODE_SIGN_STYLE = Automatic;
				DEVELOPMENT_TEAM = 3E8VPPT5YX;
				ENABLE_BITCODE = NO;
				FRAMEWORK_SEARCH_PATHS = (
					"$(inherited)",
					"\"$PODS_CONFIGURATION_BUILD_DIR/GTMSessionFetcher\"",
					"\"$PODS_CONFIGURATION_BUILD_DIR/GoogleToolboxForMac\"",
					"\"$PODS_CONFIGURATION_BUILD_DIR/ObjcExceptionBridging\"",
					"\"$PODS_CONFIGURATION_BUILD_DIR/SSZipArchive\"",
					"\"$PODS_CONFIGURATION_BUILD_DIR/XCGLogger\"",
					"\"$PODS_CONFIGURATION_BUILD_DIR/nanopb\"",
					"\"${PODS_ROOT}/Crashlytics/iOS\"",
					"\"${PODS_ROOT}/Fabric/iOS\"",
					"\"${PODS_ROOT}/FirebaseAnalytics/Frameworks\"",
					"\"${PODS_ROOT}/FirebaseCore/Frameworks\"",
					"\"${PODS_ROOT}/FirebaseInstanceID/Frameworks\"",
					"\"${PODS_ROOT}/FirebaseStorage/Frameworks\"",
					/tmp,
					"$(PROJECT_DIR)/BackgroundTracker",
					"$(PROJECT_DIR)",
				);
				INFOPLIST_FILE = BackgroundTracker/Info.plist;
				IPHONEOS_DEPLOYMENT_TARGET = 10.0;
				LD_RUNPATH_SEARCH_PATHS = "$(inherited) @executable_path/Frameworks";
				PRODUCT_BUNDLE_IDENTIFIER = io.100grams.tracker;
				PRODUCT_NAME = TrckrApp;
				PROVISIONING_PROFILE = "";
				PROVISIONING_PROFILE_SPECIFIER = "";
				SWIFT_VERSION = 4.0;
			};
			name = Release;
		};
		96BB1F781EB9C5940083630D /* Debug */ = {
			isa = XCBuildConfiguration;
			baseConfigurationReference = D4595A92E9D77F8DB4ED9A22 /* Pods-BackgroundTrackerTests.debug.xcconfig */;
			buildSettings = {
				ALWAYS_EMBED_SWIFT_STANDARD_LIBRARIES = YES;
				BUNDLE_LOADER = "$(TEST_HOST)";
				DEVELOPMENT_TEAM = 3E8VPPT5YX;
				INFOPLIST_FILE = BackgroundTrackerTests/Info.plist;
				LD_RUNPATH_SEARCH_PATHS = "$(inherited) @executable_path/Frameworks @loader_path/Frameworks";
				PRODUCT_BUNDLE_IDENTIFIER = io.100grams.tracker.BackgroundTrackerTests;
				PRODUCT_NAME = "$(TARGET_NAME)";
				SWIFT_VERSION = 3.0;
				TEST_HOST = "$(BUILT_PRODUCTS_DIR)/BackgroundTracker.app/BackgroundTracker";
			};
			name = Debug;
		};
		96BB1F791EB9C5940083630D /* Release */ = {
			isa = XCBuildConfiguration;
			baseConfigurationReference = 13DFA22AC0A06B48371BBC11 /* Pods-BackgroundTrackerTests.release.xcconfig */;
			buildSettings = {
				ALWAYS_EMBED_SWIFT_STANDARD_LIBRARIES = YES;
				BUNDLE_LOADER = "$(TEST_HOST)";
				DEVELOPMENT_TEAM = 3E8VPPT5YX;
				INFOPLIST_FILE = BackgroundTrackerTests/Info.plist;
				LD_RUNPATH_SEARCH_PATHS = "$(inherited) @executable_path/Frameworks @loader_path/Frameworks";
				PRODUCT_BUNDLE_IDENTIFIER = io.100grams.tracker.BackgroundTrackerTests;
				PRODUCT_NAME = "$(TARGET_NAME)";
				SWIFT_VERSION = 3.0;
				TEST_HOST = "$(BUILT_PRODUCTS_DIR)/BackgroundTracker.app/BackgroundTracker";
			};
			name = Release;
		};
		96BB1F7B1EB9C5940083630D /* Debug */ = {
			isa = XCBuildConfiguration;
			baseConfigurationReference = ACE789308A1E5B6705FB7C4C /* Pods-BackgroundTrackerUITests.debug.xcconfig */;
			buildSettings = {
				ALWAYS_EMBED_SWIFT_STANDARD_LIBRARIES = YES;
				DEVELOPMENT_TEAM = 3E8VPPT5YX;
				INFOPLIST_FILE = BackgroundTrackerUITests/Info.plist;
				LD_RUNPATH_SEARCH_PATHS = "$(inherited) @executable_path/Frameworks @loader_path/Frameworks";
				PRODUCT_BUNDLE_IDENTIFIER = io.100grams.tracker.BackgroundTrackerUITests;
				PRODUCT_NAME = "$(TARGET_NAME)";
				SWIFT_VERSION = 3.0;
				TEST_TARGET_NAME = BackgroundTracker;
			};
			name = Debug;
		};
		96BB1F7C1EB9C5940083630D /* Release */ = {
			isa = XCBuildConfiguration;
			baseConfigurationReference = 7301782D9D70569B1D11A562 /* Pods-BackgroundTrackerUITests.release.xcconfig */;
			buildSettings = {
				ALWAYS_EMBED_SWIFT_STANDARD_LIBRARIES = YES;
				DEVELOPMENT_TEAM = 3E8VPPT5YX;
				INFOPLIST_FILE = BackgroundTrackerUITests/Info.plist;
				LD_RUNPATH_SEARCH_PATHS = "$(inherited) @executable_path/Frameworks @loader_path/Frameworks";
				PRODUCT_BUNDLE_IDENTIFIER = io.100grams.tracker.BackgroundTrackerUITests;
				PRODUCT_NAME = "$(TARGET_NAME)";
				SWIFT_VERSION = 3.0;
				TEST_TARGET_NAME = BackgroundTracker;
			};
			name = Release;
		};
/* End XCBuildConfiguration section */

/* Begin XCConfigurationList section */
		96BB1F471EB9C5940083630D /* Build configuration list for PBXProject "BackgroundTracker" */ = {
			isa = XCConfigurationList;
			buildConfigurations = (
				96BB1F721EB9C5940083630D /* Debug */,
				96BB1F731EB9C5940083630D /* Release */,
			);
			defaultConfigurationIsVisible = 0;
			defaultConfigurationName = Release;
		};
		96BB1F741EB9C5940083630D /* Build configuration list for PBXNativeTarget "BackgroundTracker" */ = {
			isa = XCConfigurationList;
			buildConfigurations = (
				96BB1F751EB9C5940083630D /* Debug */,
				96BB1F761EB9C5940083630D /* Release */,
			);
			defaultConfigurationIsVisible = 0;
			defaultConfigurationName = Release;
		};
		96BB1F771EB9C5940083630D /* Build configuration list for PBXNativeTarget "BackgroundTrackerTests" */ = {
			isa = XCConfigurationList;
			buildConfigurations = (
				96BB1F781EB9C5940083630D /* Debug */,
				96BB1F791EB9C5940083630D /* Release */,
			);
			defaultConfigurationIsVisible = 0;
			defaultConfigurationName = Release;
		};
		96BB1F7A1EB9C5940083630D /* Build configuration list for PBXNativeTarget "BackgroundTrackerUITests" */ = {
			isa = XCConfigurationList;
			buildConfigurations = (
				96BB1F7B1EB9C5940083630D /* Debug */,
				96BB1F7C1EB9C5940083630D /* Release */,
			);
			defaultConfigurationIsVisible = 0;
			defaultConfigurationName = Release;
		};
/* End XCConfigurationList section */
	};
	rootObject = 96BB1F441EB9C5940083630D /* Project object */;
}
